
Microsoft Visual Studio Solution File, Format Version 12.00
# Visual Studio Version 17
VisualStudioVersion = 17.1.31911.260
MinimumVisualStudioVersion = 10.0.40219.1
Project("{FAE04EC0-301F-11D3-BF4B-00C04F79EFBC}") = "TemplateProject", "TemplateProject.csproj", "{2D303BE2-B7BF-42DD-A4BD-3E2FDE3CDD4B}"
EndProject
Global
	GlobalSection(SolutionConfigurationPlatforms) = preSolution
		Debug|Any CPU = Debug|Any CPU
		Release|Any CPU = Release|Any CPU
	EndGlobalSection
	GlobalSection(ProjectConfigurationPlatforms) = postSolution
		{2D303BE2-B7BF-42DD-A4BD-3E2FDE3CDD4B}.Debug|Any CPU.ActiveCfg = Debug|Any CPU
		{2D303BE2-B7BF-42DD-A4BD-3E2FDE3CDD4B}.Debug|Any CPU.Build.0 = Debug|Any CPU
		{2D303BE2-B7BF-42DD-A4BD-3E2FDE3CDD4B}.Release|Any CPU.ActiveCfg = Release|Any CPU
		{2D303BE2-B7BF-42DD-A4BD-3E2FDE3CDD4B}.Release|Any CPU.Build.0 = Release|Any CPU
	EndGlobalSection
	GlobalSection(SolutionProperties) = preSolution
		HideSolutionNode = FALSE
	EndGlobalSection
	GlobalSection(ExtensibilityGlobals) = postSolution
		SolutionGuid = {60656DB8-8244-4CB4-BDA3-5349E6C2AB1D}
	EndGlobalSection
EndGlobal
